// !$*UTF8*$!
{
	archiveVersion = 1;
	classes = {
	};
	objectVersion = 46;
	objects = {

/* Begin PBXBuildFile section */
		7A9265DB1D94A0CA00F2F1AE /* textstyle.swift in Sources */ = {isa = PBXBuildFile; fileRef = 7A9265DA1D94A0CA00F2F1AE /* textstyle.swift */; };
		7A9FD1D31D941B7F00C9F36A /* AppDelegate.swift in Sources */ = {isa = PBXBuildFile; fileRef = 7A9FD1D21D941B7F00C9F36A /* AppDelegate.swift */; };
		7A9FD1DA1D941B7F00C9F36A /* Assets.xcassets in Resources */ = {isa = PBXBuildFile; fileRef = 7A9FD1D91D941B7F00C9F36A /* Assets.xcassets */; };
		7A9FD1DD1D941B7F00C9F36A /* LaunchScreen.storyboard in Resources */ = {isa = PBXBuildFile; fileRef = 7A9FD1DB1D941B7F00C9F36A /* LaunchScreen.storyboard */; };
		7A9FD1E51D941B9500C9F36A /* Main.storyboard in Resources */ = {isa = PBXBuildFile; fileRef = 7A9FD1E41D941B9500C9F36A /* Main.storyboard */; };
		7A9FD1E71D941BA000C9F36A /* MeMeEditorViewController.swift in Sources */ = {isa = PBXBuildFile; fileRef = 7A9FD1E61D941BA000C9F36A /* MeMeEditorViewController.swift */; };
		7A9FD1E91D941BD700C9F36A /* Info.plist in Resources */ = {isa = PBXBuildFile; fileRef = 7A9FD1E81D941BD700C9F36A /* Info.plist */; };
		7A9FD1EB1D941F5900C9F36A /* Meme.swift in Sources */ = {isa = PBXBuildFile; fileRef = 7A9FD1EA1D941F5900C9F36A /* Meme.swift */; };
		7A9FD1ED1D94204A00C9F36A /* MemeCollectionViewController.swift in Sources */ = {isa = PBXBuildFile; fileRef = 7A9FD1EC1D94204A00C9F36A /* MemeCollectionViewController.swift */; };
		7A9FD1EF1D94205D00C9F36A /* MemeTableViewController.swift in Sources */ = {isa = PBXBuildFile; fileRef = 7A9FD1EE1D94205D00C9F36A /* MemeTableViewController.swift */; };
		7A9FD1F11D944F7000C9F36A /* MemeCollectionViewCell.swift in Sources */ = {isa = PBXBuildFile; fileRef = 7A9FD1F01D944F7000C9F36A /* MemeCollectionViewCell.swift */; };
		7AFA29341D9491610019F99C /* MemeDetailViewController.swift in Sources */ = {isa = PBXBuildFile; fileRef = 7AFA29331D9491610019F99C /* MemeDetailViewController.swift */; };
/* End PBXBuildFile section */

/* Begin PBXFileReference section */
		7A9265DA1D94A0CA00F2F1AE /* textstyle.swift */ = {isa = PBXFileReference; fileEncoding = 4; lastKnownFileType = sourcecode.swift; path = textstyle.swift; sourceTree = "<group>"; };
		7A9FD1CF1D941B7F00C9F36A /* Meme 2.0.app */ = {isa = PBXFileReference; explicitFileType = wrapper.application; includeInIndex = 0; path = "Meme 2.0.app"; sourceTree = BUILT_PRODUCTS_DIR; };
		7A9FD1D21D941B7F00C9F36A /* AppDelegate.swift */ = {isa = PBXFileReference; lastKnownFileType = sourcecode.swift; path = AppDelegate.swift; sourceTree = "<group>"; };
		7A9FD1D91D941B7F00C9F36A /* Assets.xcassets */ = {isa = PBXFileReference; lastKnownFileType = folder.assetcatalog; path = Assets.xcassets; sourceTree = "<group>"; };
		7A9FD1DC1D941B7F00C9F36A /* Base */ = {isa = PBXFileReference; lastKnownFileType = file.storyboard; name = Base; path = Base.lproj/LaunchScreen.storyboard; sourceTree = "<group>"; };
		7A9FD1E41D941B9500C9F36A /* Main.storyboard */ = {isa = PBXFileReference; fileEncoding = 4; lastKnownFileType = file.storyboard; path = Main.storyboard; sourceTree = "<group>"; };
		7A9FD1E61D941BA000C9F36A /* MeMeEditorViewController.swift */ = {isa = PBXFileReference; fileEncoding = 4; lastKnownFileType = sourcecode.swift; path = MeMeEditorViewController.swift; sourceTree = "<group>"; };
		7A9FD1E81D941BD700C9F36A /* Info.plist */ = {isa = PBXFileReference; fileEncoding = 4; lastKnownFileType = text.plist.xml; path = Info.plist; sourceTree = "<group>"; };
		7A9FD1EA1D941F5900C9F36A /* Meme.swift */ = {isa = PBXFileReference; fileEncoding = 4; lastKnownFileType = sourcecode.swift; path = Meme.swift; sourceTree = "<group>"; };
		7A9FD1EC1D94204A00C9F36A /* MemeCollectionViewController.swift */ = {isa = PBXFileReference; fileEncoding = 4; lastKnownFileType = sourcecode.swift; path = MemeCollectionViewController.swift; sourceTree = "<group>"; };
		7A9FD1EE1D94205D00C9F36A /* MemeTableViewController.swift */ = {isa = PBXFileReference; fileEncoding = 4; lastKnownFileType = sourcecode.swift; path = MemeTableViewController.swift; sourceTree = "<group>"; };
		7A9FD1F01D944F7000C9F36A /* MemeCollectionViewCell.swift */ = {isa = PBXFileReference; fileEncoding = 4; lastKnownFileType = sourcecode.swift; path = MemeCollectionViewCell.swift; sourceTree = "<group>"; };
		7AFA29331D9491610019F99C /* MemeDetailViewController.swift */ = {isa = PBXFileReference; fileEncoding = 4; lastKnownFileType = sourcecode.swift; path = MemeDetailViewController.swift; sourceTree = "<group>"; };
/* End PBXFileReference section */

/* Begin PBXFrameworksBuildPhase section */
		7A9FD1CC1D941B7F00C9F36A /* Frameworks */ = {
			isa = PBXFrameworksBuildPhase;
			buildActionMask = 2147483647;
			files = (
			);
			runOnlyForDeploymentPostprocessing = 0;
		};
/* End PBXFrameworksBuildPhase section */

/* Begin PBXGroup section */
		7A9FD1C61D941B7F00C9F36A = {
			isa = PBXGroup;
			children = (
				7A9FD1D11D941B7F00C9F36A /* Meme 2.0 */,
				7A9FD1D01D941B7F00C9F36A /* Products */,
			);
			sourceTree = "<group>";
		};
		7A9FD1D01D941B7F00C9F36A /* Products */ = {
			isa = PBXGroup;
			children = (
				7A9FD1CF1D941B7F00C9F36A /* Meme 2.0.app */,
			);
			name = Products;
			sourceTree = "<group>";
		};
		7A9FD1D11D941B7F00C9F36A /* Meme 2.0 */ = {
			isa = PBXGroup;
			children = (
				7A9FD1D21D941B7F00C9F36A /* AppDelegate.swift */,
				7A9FD1E61D941BA000C9F36A /* MeMeEditorViewController.swift */,
				7A9FD1EA1D941F5900C9F36A /* Meme.swift */,
				7A9FD1EC1D94204A00C9F36A /* MemeCollectionViewController.swift */,
				7A9FD1F01D944F7000C9F36A /* MemeCollectionViewCell.swift */,
				7A9FD1EE1D94205D00C9F36A /* MemeTableViewController.swift */,
				7AFA29331D9491610019F99C /* MemeDetailViewController.swift */,
				7A9FD1E81D941BD700C9F36A /* Info.plist */,
				7A9FD1E41D941B9500C9F36A /* Main.storyboard */,
				7A9FD1D91D941B7F00C9F36A /* Assets.xcassets */,
				7A9FD1DB1D941B7F00C9F36A /* LaunchScreen.storyboard */,
				7A9265DA1D94A0CA00F2F1AE /* textstyle.swift */,
			);
			path = "Meme 2.0";
			sourceTree = "<group>";
		};
/* End PBXGroup section */

/* Begin PBXNativeTarget section */
		7A9FD1CE1D941B7F00C9F36A /* Meme 2.0 */ = {
			isa = PBXNativeTarget;
			buildConfigurationList = 7A9FD1E11D941B7F00C9F36A /* Build configuration list for PBXNativeTarget "Meme 2.0" */;
			buildPhases = (
				7A9FD1CB1D941B7F00C9F36A /* Sources */,
				7A9FD1CC1D941B7F00C9F36A /* Frameworks */,
				7A9FD1CD1D941B7F00C9F36A /* Resources */,
			);
			buildRules = (
			);
			dependencies = (
			);
			name = "Meme 2.0";
			productName = "Meme 2.0";
			productReference = 7A9FD1CF1D941B7F00C9F36A /* Meme 2.0.app */;
			productType = "com.apple.product-type.application";
		};
/* End PBXNativeTarget section */

/* Begin PBXProject section */
		7A9FD1C71D941B7F00C9F36A /* Project object */ = {
			isa = PBXProject;
			attributes = {
				LastSwiftUpdateCheck = 0800;
				LastUpgradeCheck = 0800;
				ORGANIZATIONNAME = "Carl Lee";
				TargetAttributes = {
					7A9FD1CE1D941B7F00C9F36A = {
						CreatedOnToolsVersion = 8.0;
						DevelopmentTeam = T46SFMZQ7Z;
						ProvisioningStyle = Automatic;
					};
				};
			};
			buildConfigurationList = 7A9FD1CA1D941B7F00C9F36A /* Build configuration list for PBXProject "Meme 2.0" */;
			compatibilityVersion = "Xcode 3.2";
			developmentRegion = English;
			hasScannedForEncodings = 0;
			knownRegions = (
				en,
				Base,
			);
			mainGroup = 7A9FD1C61D941B7F00C9F36A;
			productRefGroup = 7A9FD1D01D941B7F00C9F36A /* Products */;
			projectDirPath = "";
			projectRoot = "";
			targets = (
				7A9FD1CE1D941B7F00C9F36A /* Meme 2.0 */,
			);
		};
/* End PBXProject section */

/* Begin PBXResourcesBuildPhase section */
		7A9FD1CD1D941B7F00C9F36A /* Resources */ = {
			isa = PBXResourcesBuildPhase;
			buildActionMask = 2147483647;
			files = (
				7A9FD1E91D941BD700C9F36A /* Info.plist in Resources */,
				7A9FD1E51D941B9500C9F36A /* Main.storyboard in Resources */,
				7A9FD1DD1D941B7F00C9F36A /* LaunchScreen.storyboard in Resources */,
				7A9FD1DA1D941B7F00C9F36A /* Assets.xcassets in Resources */,
			);
			runOnlyForDeploymentPostprocessing = 0;
		};
/* End PBXResourcesBuildPhase section */

/* Begin PBXSourcesBuildPhase section */
		7A9FD1CB1D941B7F00C9F36A /* Sources */ = {
			isa = PBXSourcesBuildPhase;
			buildActionMask = 2147483647;
			files = (
				7A9265DB1D94A0CA00F2F1AE /* textstyle.swift in Sources */,
				7A9FD1F11D944F7000C9F36A /* MemeCollectionViewCell.swift in Sources */,
				7A9FD1ED1D94204A00C9F36A /* MemeCollectionViewController.swift in Sources */,
				7A9FD1EB1D941F5900C9F36A /* Meme.swift in Sources */,
				7A9FD1E71D941BA000C9F36A /* MeMeEditorViewController.swift in Sources */,
				7AFA29341D9491610019F99C /* MemeDetailViewController.swift in Sources */,
				7A9FD1EF1D94205D00C9F36A /* MemeTableViewController.swift in Sources */,
				7A9FD1D31D941B7F00C9F36A /* AppDelegate.swift in Sources */,
			);
			runOnlyForDeploymentPostprocessing = 0;
		};
/* End PBXSourcesBuildPhase section */

/* Begin PBXVariantGroup section */
		7A9FD1DB1D941B7F00C9F36A /* LaunchScreen.storyboard */ = {
			isa = PBXVariantGroup;
			children = (
				7A9FD1DC1D941B7F00C9F36A /* Base */,
			);
			name = LaunchScreen.storyboard;
			sourceTree = "<group>";
		};
/* End PBXVariantGroup section */

/* Begin XCBuildConfiguration section */
		7A9FD1DF1D941B7F00C9F36A /* Debug */ = {
			isa = XCBuildConfiguration;
			buildSettings = {
				ALWAYS_SEARCH_USER_PATHS = NO;
				CLANG_ANALYZER_NONNULL = YES;
				CLANG_CXX_LANGUAGE_STANDARD = "gnu++0x";
				CLANG_CXX_LIBRARY = "libc++";
				CLANG_ENABLE_MODULES = YES;
				CLANG_ENABLE_OBJC_ARC = YES;
				CLANG_WARN_BOOL_CONVERSION = YES;
				CLANG_WARN_CONSTANT_CONVERSION = YES;
				CLANG_WARN_DIRECT_OBJC_ISA_USAGE = YES_ERROR;
				CLANG_WARN_DOCUMENTATION_COMMENTS = YES;
				CLANG_WARN_EMPTY_BODY = YES;
				CLANG_WARN_ENUM_CONVERSION = YES;
				CLANG_WARN_INFINITE_RECURSION = YES;
				CLANG_WARN_INT_CONVERSION = YES;
				CLANG_WARN_OBJC_ROOT_CLASS = YES_ERROR;
				CLANG_WARN_SUSPICIOUS_MOVES = YES;
				CLANG_WARN_UNREACHABLE_CODE = YES;
				CLANG_WARN__DUPLICATE_METHOD_MATCH = YES;
				"CODE_SIGN_IDENTITY[sdk=iphoneos*]" = "iPhone Developer";
				COPY_PHASE_STRIP = NO;
				DEBUG_INFORMATION_FORMAT = dwarf;
				ENABLE_STRICT_OBJC_MSGSEND = YES;
				ENABLE_TESTABILITY = YES;
				GCC_C_LANGUAGE_STANDARD = gnu99;
				GCC_DYNAMIC_NO_PIC = NO;
				GCC_NO_COMMON_BLOCKS = YES;
				GCC_OPTIMIZATION_LEVEL = 0;
				GCC_PREPROCESSOR_DEFINITIONS = (
					"DEBUG=1",
					"$(inherited)",
				);
				GCC_WARN_64_TO_32_BIT_CONVERSION = YES;
				GCC_WARN_ABOUT_RETURN_TYPE = YES_ERROR;
				GCC_WARN_UNDECLARED_SELECTOR = YES;
				GCC_WARN_UNINITIALIZED_AUTOS = YES_AGGRESSIVE;
				GCC_WARN_UNUSED_FUNCTION = YES;
				GCC_WARN_UNUSED_VARIABLE = YES;
				IPHONEOS_DEPLOYMENT_TARGET = 10.0;
				MTL_ENABLE_DEBUG_INFO = YES;
				ONLY_ACTIVE_ARCH = YES;
				SDKROOT = iphoneos;
				SWIFT_ACTIVE_COMPILATION_CONDITIONS = DEBUG;
				SWIFT_OPTIMIZATION_LEVEL = "-Onone";
				TARGETED_DEVICE_FAMILY = "1,2";
			};
			name = Debug;
		};
		7A9FD1E01D941B7F00C9F36A /* Release */ = {
			isa = XCBuildConfiguration;
			buildSettings = {
				ALWAYS_SEARCH_USER_PATHS = NO;
				CLANG_ANALYZER_NONNULL = YES;
				CLANG_CXX_LANGUAGE_STANDARD = "gnu++0x";
				CLANG_CXX_LIBRARY = "libc++";
				CLANG_ENABLE_MODULES = YES;
				CLANG_ENABLE_OBJC_ARC = YES;
				CLANG_WARN_BOOL_CONVERSION = YES;
				CLANG_WARN_CONSTANT_CONVERSION = YES;
				CLANG_WARN_DIRECT_OBJC_ISA_USAGE = YES_ERROR;
				CLANG_WARN_DOCUMENTATION_COMMENTS = YES;
				CLANG_WARN_EMPTY_BODY = YES;
				CLANG_WARN_ENUM_CONVERSION = YES;
				CLANG_WARN_INFINITE_RECURSION = YES;
				CLANG_WARN_INT_CONVERSION = YES;
				CLANG_WARN_OBJC_ROOT_CLASS = YES_ERROR;
				CLANG_WARN_SUSPICIOUS_MOVES = YES;
				CLANG_WARN_UNREACHABLE_CODE = YES;
				CLANG_WARN__DUPLICATE_METHOD_MATCH = YES;
				"CODE_SIGN_IDENTITY[sdk=iphoneos*]" = "iPhone Developer";
				COPY_PHASE_STRIP = NO;
				DEBUG_INFORMATION_FORMAT = "dwarf-with-dsym";
				ENABLE_NS_ASSERTIONS = NO;
				ENABLE_STRICT_OBJC_MSGSEND = YES;
				GCC_C_LANGUAGE_STANDARD = gnu99;
				GCC_NO_COMMON_BLOCKS = YES;
				GCC_WARN_64_TO_32_BIT_CONVERSION = YES;
				GCC_WARN_ABOUT_RETURN_TYPE = YES_ERROR;
				GCC_WARN_UNDECLARED_SELECTOR = YES;
				GCC_WARN_UNINITIALIZED_AUTOS = YES_AGGRESSIVE;
				GCC_WARN_UNUSED_FUNCTION = YES;
				GCC_WARN_UNUSED_VARIABLE = YES;
				IPHONEOS_DEPLOYMENT_TARGET = 10.0;
				MTL_ENABLE_DEBUG_INFO = NO;
				SDKROOT = iphoneos;
				SWIFT_OPTIMIZATION_LEVEL = "-Owholemodule";
				TARGETED_DEVICE_FAMILY = "1,2";
				VALIDATE_PRODUCT = YES;
			};
			name = Release;
		};
		7A9FD1E21D941B7F00C9F36A /* Debug */ = {
			isa = XCBuildConfiguration;
			buildSettings = {
				ASSETCATALOG_COMPILER_APPICON_NAME = AppIcon;
				DEVELOPMENT_TEAM = T46SFMZQ7Z;
				INFOPLIST_FILE = "Meme 2.0/Info.plist";
				LD_RUNPATH_SEARCH_PATHS = "$(inherited) @executable_path/Frameworks";
				PRODUCT_BUNDLE_IDENTIFIER = "com.clee.Meme-2-0";
				PRODUCT_NAME = "$(TARGET_NAME)";
				SWIFT_VERSION = 3.0;
			};
			name = Debug;
		};
		7A9FD1E31D941B7F00C9F36A /* Release */ = {
			isa = XCBuildConfiguration;
			buildSettings = {
				ASSETCATALOG_COMPILER_APPICON_NAME = AppIcon;
				DEVELOPMENT_TEAM = T46SFMZQ7Z;
				INFOPLIST_FILE = "Meme 2.0/Info.plist";
				LD_RUNPATH_SEARCH_PATHS = "$(inherited) @executable_path/Frameworks";
				PRODUCT_BUNDLE_IDENTIFIER = "com.clee.Meme-2-0";
				PRODUCT_NAME = "$(TARGET_NAME)";
				SWIFT_VERSION = 3.0;
			};
			name = Release;
		};
/* End XCBuildConfiguration section */

/* Begin XCConfigurationList section */
		7A9FD1CA1D941B7F00C9F36A /* Build configuration list for PBXProject "Meme 2.0" */ = {
			isa = XCConfigurationList;
			buildConfigurations = (
				7A9FD1DF1D941B7F00C9F36A /* Debug */,
				7A9FD1E01D941B7F00C9F36A /* Release */,
			);
			defaultConfigurationIsVisible = 0;
			defaultConfigurationName = Release;
		};
		7A9FD1E11D941B7F00C9F36A /* Build configuration list for PBXNativeTarget "Meme 2.0" */ = {
			isa = XCConfigurationList;
			buildConfigurations = (
				7A9FD1E21D941B7F00C9F36A /* Debug */,
				7A9FD1E31D941B7F00C9F36A /* Release */,
			);
			defaultConfigurationIsVisible = 0;
			defaultConfigurationName = Release;
		};
/* End XCConfigurationList section */
	};
	rootObject = 7A9FD1C71D941B7F00C9F36A /* Project object */;
}
